// !$*UTF8*$!
{
	archiveVersion = 1;
	classes = {
	};
	objectVersion = 50;
	objects = {

/* Begin PBXBuildFile section */
		DF4A5DC4F8B517DB7B4973D6 /* Pods_Home_bride.framework in Frameworks */ = {isa = PBXBuildFile; fileRef = FD36F78FB1ED6C0E90EFD135 /* Pods_Home_bride.framework */; };
		E80871DA2275BE9E00FB6BFB /* GalaryView.swift in Sources */ = {isa = PBXBuildFile; fileRef = E80871D92275BE9E00FB6BFB /* GalaryView.swift */; };
		E80871DC2275BED500FB6BFB /* GalaryModels.swift in Sources */ = {isa = PBXBuildFile; fileRef = E80871DB2275BED500FB6BFB /* GalaryModels.swift */; };
		E80871E02275D38100FB6BFB /* PhotosManger.swift in Sources */ = {isa = PBXBuildFile; fileRef = E80871DF2275D38100FB6BFB /* PhotosManger.swift */; };
		E80871E22275DCAA00FB6BFB /* Video Player.swift in Sources */ = {isa = PBXBuildFile; fileRef = E80871E12275DCAA00FB6BFB /* Video Player.swift */; };
		E816C4612273318700EA3C32 /* Network.swift in Sources */ = {isa = PBXBuildFile; fileRef = E816C4602273318700EA3C32 /* Network.swift */; };
		E83B0425226A86A500674F19 /* AppDelegate.swift in Sources */ = {isa = PBXBuildFile; fileRef = E83B0424226A86A500674F19 /* AppDelegate.swift */; };
		E83B042C226A86A700674F19 /* Assets.xcassets in Resources */ = {isa = PBXBuildFile; fileRef = E83B042B226A86A700674F19 /* Assets.xcassets */; };
		E83B042F226A86A700674F19 /* LaunchScreen.storyboard in Resources */ = {isa = PBXBuildFile; fileRef = E83B042D226A86A700674F19 /* LaunchScreen.storyboard */; };
		E83B047D226A8A9700674F19 /* Basement.swift in Sources */ = {isa = PBXBuildFile; fileRef = E83B0473226A8A9200674F19 /* Basement.swift */; };
		E83B047E226A8A9700674F19 /* CurvedView.swift in Sources */ = {isa = PBXBuildFile; fileRef = E83B0474226A8A9200674F19 /* CurvedView.swift */; };
		E83B047F226A8A9700674F19 /* NewRequestViews.swift in Sources */ = {isa = PBXBuildFile; fileRef = E83B0475226A8A9200674F19 /* NewRequestViews.swift */; };
		E83B0480226A8A9700674F19 /* TwoLablesOneLine.swift in Sources */ = {isa = PBXBuildFile; fileRef = E83B0476226A8A9200674F19 /* TwoLablesOneLine.swift */; };
		E83B0481226A8AA700674F19 /* DecodingJsonFromBundle.swift in Sources */ = {isa = PBXBuildFile; fileRef = E83B044F226A8A9200674F19 /* DecodingJsonFromBundle.swift */; };
		E83B0483226A8AA700674F19 /* extension Bool.swift in Sources */ = {isa = PBXBuildFile; fileRef = E83B0451226A8A9200674F19 /* extension Bool.swift */; };
		E83B0484226A8AA700674F19 /* extension CALayer.swift in Sources */ = {isa = PBXBuildFile; fileRef = E83B0452226A8A9200674F19 /* extension CALayer.swift */; };
		E83B0485226A8AA700674F19 /* extension Data.swift in Sources */ = {isa = PBXBuildFile; fileRef = E83B0453226A8A9200674F19 /* extension Data.swift */; };
		E83B0486226A8AA700674F19 /* extension Date.swift in Sources */ = {isa = PBXBuildFile; fileRef = E83B0454226A8A9200674F19 /* extension Date.swift */; };
		E83B0487226A8AA700674F19 /* extension Int.swift in Sources */ = {isa = PBXBuildFile; fileRef = E83B0455226A8A9200674F19 /* extension Int.swift */; };
		E83B0488226A8AA700674F19 /* extension Optional.swift in Sources */ = {isa = PBXBuildFile; fileRef = E83B0456226A8A9200674F19 /* extension Optional.swift */; };
		E83B0489226A8AA700674F19 /* extension String.swift in Sources */ = {isa = PBXBuildFile; fileRef = E83B045C226A8A9200674F19 /* extension String.swift */; };
		E83B048A226A8AA700674F19 /* extension+TableView+CollectionView.swift in Sources */ = {isa = PBXBuildFile; fileRef = E83B045D226A8A9200674F19 /* extension+TableView+CollectionView.swift */; };
		E83B048B226A8AA700674F19 /* extension+UIColor+UIFonts.swift in Sources */ = {isa = PBXBuildFile; fileRef = E83B045E226A8A9200674F19 /* extension+UIColor+UIFonts.swift */; };
		E83B048C226A8AA700674F19 /* extension+UILabel.swift in Sources */ = {isa = PBXBuildFile; fileRef = E83B045F226A8A9200674F19 /* extension+UILabel.swift */; };
		E83B048D226A8AA700674F19 /* NotificationCenter.swift in Sources */ = {isa = PBXBuildFile; fileRef = E83B0463226A8A9200674F19 /* NotificationCenter.swift */; };
		E83B048E226A8AA700674F19 /* ViewController+.swift in Sources */ = {isa = PBXBuildFile; fileRef = E83B0471226A8A9200674F19 /* ViewController+.swift */; };
		E83B048F226A8AAF00674F19 /* extension Constraint.swift in Sources */ = {isa = PBXBuildFile; fileRef = E83B0465226A8A9200674F19 /* extension Constraint.swift */; };
		E83B0490226A8AAF00674F19 /* extension UIAlertController.swift in Sources */ = {isa = PBXBuildFile; fileRef = E83B0466226A8A9200674F19 /* extension UIAlertController.swift */; };
		E83B0491226A8AAF00674F19 /* extension UIButton.swift in Sources */ = {isa = PBXBuildFile; fileRef = E83B0467226A8A9200674F19 /* extension UIButton.swift */; };
		E83B0492226A8AAF00674F19 /* extension UICollectionView.swift in Sources */ = {isa = PBXBuildFile; fileRef = E83B0468226A8A9200674F19 /* extension UICollectionView.swift */; };
		E83B0493226A8AAF00674F19 /* extension UIFont.swift in Sources */ = {isa = PBXBuildFile; fileRef = E83B0469226A8A9200674F19 /* extension UIFont.swift */; };
		E83B0494226A8AAF00674F19 /* extension UIImage.swift in Sources */ = {isa = PBXBuildFile; fileRef = E83B046A226A8A9200674F19 /* extension UIImage.swift */; };
		E83B0495226A8AAF00674F19 /* extension UINavigationBar.swift in Sources */ = {isa = PBXBuildFile; fileRef = E83B046B226A8A9200674F19 /* extension UINavigationBar.swift */; };
		E83B0496226A8AAF00674F19 /* extension UINavigationController.swift in Sources */ = {isa = PBXBuildFile; fileRef = E83B046C226A8A9200674F19 /* extension UINavigationController.swift */; };
		E83B0497226A8AAF00674F19 /* extension UITextField.swift in Sources */ = {isa = PBXBuildFile; fileRef = E83B046D226A8A9200674F19 /* extension UITextField.swift */; };
		E83B0498226A8AAF00674F19 /* extension UIView.swift in Sources */ = {isa = PBXBuildFile; fileRef = E83B046E226A8A9200674F19 /* extension UIView.swift */; };
		E83B049A226A8AAF00674F19 /* extension+UIImageView.swift in Sources */ = {isa = PBXBuildFile; fileRef = E83B0470226A8A9200674F19 /* extension+UIImageView.swift */; };
		E83B049B226A8AE400674F19 /* extension Array.swift in Sources */ = {isa = PBXBuildFile; fileRef = E83B0458226A8A9200674F19 /* extension Array.swift */; };
		E83B049C226A8AE400674F19 /* extension Collection.swift in Sources */ = {isa = PBXBuildFile; fileRef = E83B0459226A8A9200674F19 /* extension Collection.swift */; };
		E83B049D226A8AE400674F19 /* extension Dictionary.swift in Sources */ = {isa = PBXBuildFile; fileRef = E83B045A226A8A9200674F19 /* extension Dictionary.swift */; };
		E83B049E226A8AE400674F19 /* extension Sequence.swift in Sources */ = {isa = PBXBuildFile; fileRef = E83B045B226A8A9200674F19 /* extension Sequence.swift */; };
		E83B049F226A8AE800674F19 /* extension+Gradient.swift in Sources */ = {isa = PBXBuildFile; fileRef = E83B0461226A8A9200674F19 /* extension+Gradient.swift */; };
		E83B04A0226A8AE800674F19 /* GradientView.swift in Sources */ = {isa = PBXBuildFile; fileRef = E83B0462226A8A9200674F19 /* GradientView.swift */; };
		E83B04A1226A8AF600674F19 /* Cairo-Black.ttf in Resources */ = {isa = PBXBuildFile; fileRef = E83B0448226A8A9200674F19 /* Cairo-Black.ttf */; };
		E83B04A2226A8AF600674F19 /* Cairo-Bold.ttf in Resources */ = {isa = PBXBuildFile; fileRef = E83B0449226A8A9200674F19 /* Cairo-Bold.ttf */; };
		E83B04A3226A8AF600674F19 /* Cairo-ExtraLight.ttf in Resources */ = {isa = PBXBuildFile; fileRef = E83B044A226A8A9200674F19 /* Cairo-ExtraLight.ttf */; };
		E83B04A4226A8AF600674F19 /* Cairo-Light.ttf in Resources */ = {isa = PBXBuildFile; fileRef = E83B044B226A8A9200674F19 /* Cairo-Light.ttf */; };
		E83B04A5226A8AF600674F19 /* Cairo-Regular.ttf in Resources */ = {isa = PBXBuildFile; fileRef = E83B044C226A8A9200674F19 /* Cairo-Regular.ttf */; };
		E83B04A6226A8AF600674F19 /* Cairo-SemiBold.ttf in Resources */ = {isa = PBXBuildFile; fileRef = E83B044D226A8A9200674F19 /* Cairo-SemiBold.ttf */; };
		E83B04A7226A8AFB00674F19 /* AppLanguage.swift in Sources */ = {isa = PBXBuildFile; fileRef = E83B0478226A8A9200674F19 /* AppLanguage.swift */; };
		E83B04A8226A8AFB00674F19 /* constants.swift in Sources */ = {isa = PBXBuildFile; fileRef = E83B0479226A8A9200674F19 /* constants.swift */; };
		E83B04A9226A8AFB00674F19 /* DatePickerViewController.swift in Sources */ = {isa = PBXBuildFile; fileRef = E83B047A226A8A9200674F19 /* DatePickerViewController.swift */; };
		E83B04AA226A8AFB00674F19 /* PickerViewController.swift in Sources */ = {isa = PBXBuildFile; fileRef = E83B047B226A8A9200674F19 /* PickerViewController.swift */; };
		E83B04AB226A8AFB00674F19 /* TableManger.swift in Sources */ = {isa = PBXBuildFile; fileRef = E83B047C226A8A9200674F19 /* TableManger.swift */; };
		E83B04AC226A8B0200674F19 /* LoginView.swift in Sources */ = {isa = PBXBuildFile; fileRef = E83B043C226A8A7D00674F19 /* LoginView.swift */; };
		E83B04AD226A8B0200674F19 /* LoginViewController.swift in Sources */ = {isa = PBXBuildFile; fileRef = E83B043D226A8A7D00674F19 /* LoginViewController.swift */; };
		E83B04AF226A8C9400674F19 /* SideMenuTableViewController.swift in Sources */ = {isa = PBXBuildFile; fileRef = E83B04AE226A8C9400674F19 /* SideMenuTableViewController.swift */; };
		E83B04B0226A952D00674F19 /* RegisterView.swift in Sources */ = {isa = PBXBuildFile; fileRef = E83B0442226A8A7D00674F19 /* RegisterView.swift */; };
		E83B04B1226A952D00674F19 /* RegisterViewController.swift in Sources */ = {isa = PBXBuildFile; fileRef = E83B0443226A8A7D00674F19 /* RegisterViewController.swift */; };
		E83B04B5226AB80900674F19 /* LocationSelectViewController.swift in Sources */ = {isa = PBXBuildFile; fileRef = E83B04B4226AB80900674F19 /* LocationSelectViewController.swift */; };
		E83B04BB226AB86900674F19 /* MapSearchVC.swift in Sources */ = {isa = PBXBuildFile; fileRef = E83B04B7226AB86700674F19 /* MapSearchVC.swift */; };
		E83B04BC226AB86900674F19 /* HomeViewController.swift in Sources */ = {isa = PBXBuildFile; fileRef = E83B04B8226AB86800674F19 /* HomeViewController.swift */; };
		E83B04BD226AB86900674F19 /* HomeView.swift in Sources */ = {isa = PBXBuildFile; fileRef = E83B04B9226AB86800674F19 /* HomeView.swift */; };
		E83B04BE226AB86900674F19 /* MapDataSource.swift in Sources */ = {isa = PBXBuildFile; fileRef = E83B04BA226AB86900674F19 /* MapDataSource.swift */; };
		E86150E922740A55001524F5 /* Reg.swift in Sources */ = {isa = PBXBuildFile; fileRef = E86150E822740A55001524F5 /* Reg.swift */; };
		E86150EB2274AA6E001524F5 /* UserData.swift in Sources */ = {isa = PBXBuildFile; fileRef = E86150EA2274AA6E001524F5 /* UserData.swift */; };
		E866F2E82272956C0052538D /* Constants.swift in Sources */ = {isa = PBXBuildFile; fileRef = E866F2E72272956C0052538D /* Constants.swift */; };
		E866F2EC227296EF0052538D /* ChatHomeViewController.swift in Sources */ = {isa = PBXBuildFile; fileRef = E866F2EA227296900052538D /* ChatHomeViewController.swift */; };
		E866F2F022729AEA0052538D /* ChatViewController+tableView.swift in Sources */ = {isa = PBXBuildFile; fileRef = E866F2ED22729AEA0052538D /* ChatViewController+tableView.swift */; };
		E866F2F122729AEA0052538D /* ChatView.swift in Sources */ = {isa = PBXBuildFile; fileRef = E866F2EE22729AEA0052538D /* ChatView.swift */; };
		E866F2F222729AEA0052538D /* ChatViewController.swift in Sources */ = {isa = PBXBuildFile; fileRef = E866F2EF22729AEA0052538D /* ChatViewController.swift */; };
		E866F2F522729EB70052538D /* NotificationsViewController.swift in Sources */ = {isa = PBXBuildFile; fileRef = E866F2F422729E5F0052538D /* NotificationsViewController.swift */; };
		E8681BEE226B45A200E93C31 /* UserRegisterViewController.swift in Sources */ = {isa = PBXBuildFile; fileRef = E8681BEC226B453A00E93C31 /* UserRegisterViewController.swift */; };
		E8681BEF226B45AB00E93C31 /* UserRegisterView.swift in Sources */ = {isa = PBXBuildFile; fileRef = E8681BED226B453B00E93C31 /* UserRegisterView.swift */; };
		E8681BF2226B4A7E00E93C31 /* ForgetPasswordController.swift in Sources */ = {isa = PBXBuildFile; fileRef = E8681BF1226B4A4500E93C31 /* ForgetPasswordController.swift */; };
		E8681BF3226B4A8000E93C31 /* ForgetPassword.swift in Sources */ = {isa = PBXBuildFile; fileRef = E8681BF0226B4A4500E93C31 /* ForgetPassword.swift */; };
		E8681BF6226B4E7400E93C31 /* TabBarController.swift in Sources */ = {isa = PBXBuildFile; fileRef = E8681BF5226B4E6C00E93C31 /* TabBarController.swift */; };
		E8681BF9226B4EA900E93C31 /* HomeNewReqViewController.swift in Sources */ = {isa = PBXBuildFile; fileRef = E8681BF8226B4EA900E93C31 /* HomeNewReqViewController.swift */; };
		E8C63DE5226BA63800E460EE /* NewRequestDetailsView.swift in Sources */ = {isa = PBXBuildFile; fileRef = E8C63DE4226BA63800E460EE /* NewRequestDetailsView.swift */; };
		E8C711AF2271F0C1008A783B /* GalaryViewController.swift in Sources */ = {isa = PBXBuildFile; fileRef = E8C711AE2271F088008A783B /* GalaryViewController.swift */; };
		E8C711B2227204F9008A783B /* TimeTableViewController.swift in Sources */ = {isa = PBXBuildFile; fileRef = E8C711B1227204A4008A783B /* TimeTableViewController.swift */; };
		E8DE7D78226F942D00016D9E /* ConfigurableCell.swift in Sources */ = {isa = PBXBuildFile; fileRef = E8DE7D6F226F93DE00016D9E /* ConfigurableCell.swift */; };
		E8DE7D79226F942D00016D9E /* ReusableCell.swift in Sources */ = {isa = PBXBuildFile; fileRef = E8DE7D70226F93DE00016D9E /* ReusableCell.swift */; };
		E8DE7D7A226F943A00016D9E /* ArrayDataProvider.swift in Sources */ = {isa = PBXBuildFile; fileRef = E8DE7D73226F93DE00016D9E /* ArrayDataProvider.swift */; };
		E8DE7D7B226F943A00016D9E /* CollectionArrayDataSource.swift in Sources */ = {isa = PBXBuildFile; fileRef = E8DE7D74226F93DE00016D9E /* CollectionArrayDataSource.swift */; };
		E8DE7D7C226F943A00016D9E /* CollectionDataProvider.swift in Sources */ = {isa = PBXBuildFile; fileRef = E8DE7D75226F93DE00016D9E /* CollectionDataProvider.swift */; };
		E8DE7D7D226F943A00016D9E /* CollectionDataSource.swift in Sources */ = {isa = PBXBuildFile; fileRef = E8DE7D76226F93DE00016D9E /* CollectionDataSource.swift */; };
		E8F3E755226D0FAC000A9D16 /* ProfileViewController.swift in Sources */ = {isa = PBXBuildFile; fileRef = E8F3E754226D0FAC000A9D16 /* ProfileViewController.swift */; };
/* End PBXBuildFile section */

/* Begin PBXFileReference section */
		5A12B1EEAFE71EECEFECA677 /* Pods-Home bride.release.xcconfig */ = {isa = PBXFileReference; includeInIndex = 1; lastKnownFileType = text.xcconfig; name = "Pods-Home bride.release.xcconfig"; path = "Pods/Target Support Files/Pods-Home bride/Pods-Home bride.release.xcconfig"; sourceTree = "<group>"; };
		C27EF2132CEAD86FE9A90500 /* Pods-Home bride.debug.xcconfig */ = {isa = PBXFileReference; includeInIndex = 1; lastKnownFileType = text.xcconfig; name = "Pods-Home bride.debug.xcconfig"; path = "Pods/Target Support Files/Pods-Home bride/Pods-Home bride.debug.xcconfig"; sourceTree = "<group>"; };
		E80871D92275BE9E00FB6BFB /* GalaryView.swift */ = {isa = PBXFileReference; lastKnownFileType = sourcecode.swift; path = GalaryView.swift; sourceTree = "<group>"; };
		E80871DB2275BED500FB6BFB /* GalaryModels.swift */ = {isa = PBXFileReference; lastKnownFileType = sourcecode.swift; path = GalaryModels.swift; sourceTree = "<group>"; };
		E80871DF2275D38100FB6BFB /* PhotosManger.swift */ = {isa = PBXFileReference; lastKnownFileType = sourcecode.swift; path = PhotosManger.swift; sourceTree = "<group>"; };
		E80871E12275DCAA00FB6BFB /* Video Player.swift */ = {isa = PBXFileReference; lastKnownFileType = sourcecode.swift; path = "Video Player.swift"; sourceTree = "<group>"; };
		E816C4602273318700EA3C32 /* Network.swift */ = {isa = PBXFileReference; lastKnownFileType = sourcecode.swift; path = Network.swift; sourceTree = "<group>"; };
		E83B0421226A86A500674F19 /* Home bride.app */ = {isa = PBXFileReference; explicitFileType = wrapper.application; includeInIndex = 0; path = "Home bride.app"; sourceTree = BUILT_PRODUCTS_DIR; };
		E83B0424226A86A500674F19 /* AppDelegate.swift */ = {isa = PBXFileReference; lastKnownFileType = sourcecode.swift; path = AppDelegate.swift; sourceTree = "<group>"; };
		E83B042B226A86A700674F19 /* Assets.xcassets */ = {isa = PBXFileReference; lastKnownFileType = folder.assetcatalog; path = Assets.xcassets; sourceTree = "<group>"; };
		E83B042E226A86A700674F19 /* Base */ = {isa = PBXFileReference; lastKnownFileType = file.storyboard; name = Base; path = Base.lproj/LaunchScreen.storyboard; sourceTree = "<group>"; };
		E83B0430226A86A700674F19 /* Info.plist */ = {isa = PBXFileReference; lastKnownFileType = text.plist.xml; path = Info.plist; sourceTree = "<group>"; };
		E83B043C226A8A7D00674F19 /* LoginView.swift */ = {isa = PBXFileReference; lastKnownFileType = sourcecode.swift; path = LoginView.swift; sourceTree = "<group>"; };
		E83B043D226A8A7D00674F19 /* LoginViewController.swift */ = {isa = PBXFileReference; lastKnownFileType = sourcecode.swift; path = LoginViewController.swift; sourceTree = "<group>"; };
		E83B0442226A8A7D00674F19 /* RegisterView.swift */ = {isa = PBXFileReference; lastKnownFileType = sourcecode.swift; path = RegisterView.swift; sourceTree = "<group>"; };
		E83B0443226A8A7D00674F19 /* RegisterViewController.swift */ = {isa = PBXFileReference; lastKnownFileType = sourcecode.swift; path = RegisterViewController.swift; sourceTree = "<group>"; };
		E83B0445226A8A7D00674F19 /* VerifyView.swift */ = {isa = PBXFileReference; lastKnownFileType = sourcecode.swift; path = VerifyView.swift; sourceTree = "<group>"; };
		E83B0446226A8A7D00674F19 /* VerifyViewController.swift */ = {isa = PBXFileReference; lastKnownFileType = sourcecode.swift; path = VerifyViewController.swift; sourceTree = "<group>"; };
		E83B0448226A8A9200674F19 /* Cairo-Black.ttf */ = {isa = PBXFileReference; lastKnownFileType = file; path = "Cairo-Black.ttf"; sourceTree = "<group>"; };
		E83B0449226A8A9200674F19 /* Cairo-Bold.ttf */ = {isa = PBXFileReference; lastKnownFileType = file; path = "Cairo-Bold.ttf"; sourceTree = "<group>"; };
		E83B044A226A8A9200674F19 /* Cairo-ExtraLight.ttf */ = {isa = PBXFileReference; lastKnownFileType = file; path = "Cairo-ExtraLight.ttf"; sourceTree = "<group>"; };
		E83B044B226A8A9200674F19 /* Cairo-Light.ttf */ = {isa = PBXFileReference; lastKnownFileType = file; path = "Cairo-Light.ttf"; sourceTree = "<group>"; };
		E83B044C226A8A9200674F19 /* Cairo-Regular.ttf */ = {isa = PBXFileReference; lastKnownFileType = file; path = "Cairo-Regular.ttf"; sourceTree = "<group>"; };
		E83B044D226A8A9200674F19 /* Cairo-SemiBold.ttf */ = {isa = PBXFileReference; lastKnownFileType = file; path = "Cairo-SemiBold.ttf"; sourceTree = "<group>"; };
		E83B044F226A8A9200674F19 /* DecodingJsonFromBundle.swift */ = {isa = PBXFileReference; lastKnownFileType = sourcecode.swift; path = DecodingJsonFromBundle.swift; sourceTree = "<group>"; };
		E83B0451226A8A9200674F19 /* extension Bool.swift */ = {isa = PBXFileReference; lastKnownFileType = sourcecode.swift; path = "extension Bool.swift"; sourceTree = "<group>"; };
		E83B0452226A8A9200674F19 /* extension CALayer.swift */ = {isa = PBXFileReference; lastKnownFileType = sourcecode.swift; path = "extension CALayer.swift"; sourceTree = "<group>"; };
		E83B0453226A8A9200674F19 /* extension Data.swift */ = {isa = PBXFileReference; lastKnownFileType = sourcecode.swift; path = "extension Data.swift"; sourceTree = "<group>"; };
		E83B0454226A8A9200674F19 /* extension Date.swift */ = {isa = PBXFileReference; lastKnownFileType = sourcecode.swift; path = "extension Date.swift"; sourceTree = "<group>"; };
		E83B0455226A8A9200674F19 /* extension Int.swift */ = {isa = PBXFileReference; lastKnownFileType = sourcecode.swift; path = "extension Int.swift"; sourceTree = "<group>"; };
		E83B0456226A8A9200674F19 /* extension Optional.swift */ = {isa = PBXFileReference; lastKnownFileType = sourcecode.swift; path = "extension Optional.swift"; sourceTree = "<group>"; };
		E83B0458226A8A9200674F19 /* extension Array.swift */ = {isa = PBXFileReference; lastKnownFileType = sourcecode.swift; path = "extension Array.swift"; sourceTree = "<group>"; };
		E83B0459226A8A9200674F19 /* extension Collection.swift */ = {isa = PBXFileReference; lastKnownFileType = sourcecode.swift; path = "extension Collection.swift"; sourceTree = "<group>"; };
		E83B045A226A8A9200674F19 /* extension Dictionary.swift */ = {isa = PBXFileReference; lastKnownFileType = sourcecode.swift; path = "extension Dictionary.swift"; sourceTree = "<group>"; };
		E83B045B226A8A9200674F19 /* extension Sequence.swift */ = {isa = PBXFileReference; lastKnownFileType = sourcecode.swift; path = "extension Sequence.swift"; sourceTree = "<group>"; };
		E83B045C226A8A9200674F19 /* extension String.swift */ = {isa = PBXFileReference; lastKnownFileType = sourcecode.swift; path = "extension String.swift"; sourceTree = "<group>"; };
		E83B045D226A8A9200674F19 /* extension+TableView+CollectionView.swift */ = {isa = PBXFileReference; lastKnownFileType = sourcecode.swift; path = "extension+TableView+CollectionView.swift"; sourceTree = "<group>"; };
		E83B045E226A8A9200674F19 /* extension+UIColor+UIFonts.swift */ = {isa = PBXFileReference; lastKnownFileType = sourcecode.swift; path = "extension+UIColor+UIFonts.swift"; sourceTree = "<group>"; };
		E83B045F226A8A9200674F19 /* extension+UILabel.swift */ = {isa = PBXFileReference; lastKnownFileType = sourcecode.swift; path = "extension+UILabel.swift"; sourceTree = "<group>"; };
		E83B0461226A8A9200674F19 /* extension+Gradient.swift */ = {isa = PBXFileReference; lastKnownFileType = sourcecode.swift; path = "extension+Gradient.swift"; sourceTree = "<group>"; };
		E83B0462226A8A9200674F19 /* GradientView.swift */ = {isa = PBXFileReference; lastKnownFileType = sourcecode.swift; path = GradientView.swift; sourceTree = "<group>"; };
		E83B0463226A8A9200674F19 /* NotificationCenter.swift */ = {isa = PBXFileReference; lastKnownFileType = sourcecode.swift; path = NotificationCenter.swift; sourceTree = "<group>"; };
		E83B0465226A8A9200674F19 /* extension Constraint.swift */ = {isa = PBXFileReference; lastKnownFileType = sourcecode.swift; path = "extension Constraint.swift"; sourceTree = "<group>"; };
		E83B0466226A8A9200674F19 /* extension UIAlertController.swift */ = {isa = PBXFileReference; lastKnownFileType = sourcecode.swift; path = "extension UIAlertController.swift"; sourceTree = "<group>"; };
		E83B0467226A8A9200674F19 /* extension UIButton.swift */ = {isa = PBXFileReference; lastKnownFileType = sourcecode.swift; path = "extension UIButton.swift"; sourceTree = "<group>"; };
		E83B0468226A8A9200674F19 /* extension UICollectionView.swift */ = {isa = PBXFileReference; lastKnownFileType = sourcecode.swift; path = "extension UICollectionView.swift"; sourceTree = "<group>"; };
		E83B0469226A8A9200674F19 /* extension UIFont.swift */ = {isa = PBXFileReference; lastKnownFileType = sourcecode.swift; path = "extension UIFont.swift"; sourceTree = "<group>"; };
		E83B046A226A8A9200674F19 /* extension UIImage.swift */ = {isa = PBXFileReference; lastKnownFileType = sourcecode.swift; path = "extension UIImage.swift"; sourceTree = "<group>"; };
		E83B046B226A8A9200674F19 /* extension UINavigationBar.swift */ = {isa = PBXFileReference; lastKnownFileType = sourcecode.swift; path = "extension UINavigationBar.swift"; sourceTree = "<group>"; };
		E83B046C226A8A9200674F19 /* extension UINavigationController.swift */ = {isa = PBXFileReference; lastKnownFileType = sourcecode.swift; path = "extension UINavigationController.swift"; sourceTree = "<group>"; };
		E83B046D226A8A9200674F19 /* extension UITextField.swift */ = {isa = PBXFileReference; lastKnownFileType = sourcecode.swift; path = "extension UITextField.swift"; sourceTree = "<group>"; };
		E83B046E226A8A9200674F19 /* extension UIView.swift */ = {isa = PBXFileReference; lastKnownFileType = sourcecode.swift; path = "extension UIView.swift"; sourceTree = "<group>"; };
		E83B046F226A8A9200674F19 /* extension UIViewController.swift */ = {isa = PBXFileReference; lastKnownFileType = sourcecode.swift; path = "extension UIViewController.swift"; sourceTree = "<group>"; };
		E83B0470226A8A9200674F19 /* extension+UIImageView.swift */ = {isa = PBXFileReference; lastKnownFileType = sourcecode.swift; path = "extension+UIImageView.swift"; sourceTree = "<group>"; };
		E83B0471226A8A9200674F19 /* ViewController+.swift */ = {isa = PBXFileReference; lastKnownFileType = sourcecode.swift; path = "ViewController+.swift"; sourceTree = "<group>"; };
		E83B0473226A8A9200674F19 /* Basement.swift */ = {isa = PBXFileReference; lastKnownFileType = sourcecode.swift; path = Basement.swift; sourceTree = "<group>"; };
		E83B0474226A8A9200674F19 /* CurvedView.swift */ = {isa = PBXFileReference; lastKnownFileType = sourcecode.swift; path = CurvedView.swift; sourceTree = "<group>"; };
		E83B0475226A8A9200674F19 /* NewRequestViews.swift */ = {isa = PBXFileReference; lastKnownFileType = sourcecode.swift; path = NewRequestViews.swift; sourceTree = "<group>"; };
		E83B0476226A8A9200674F19 /* TwoLablesOneLine.swift */ = {isa = PBXFileReference; lastKnownFileType = sourcecode.swift; path = TwoLablesOneLine.swift; sourceTree = "<group>"; };
		E83B0478226A8A9200674F19 /* AppLanguage.swift */ = {isa = PBXFileReference; lastKnownFileType = sourcecode.swift; path = AppLanguage.swift; sourceTree = "<group>"; };
		E83B0479226A8A9200674F19 /* constants.swift */ = {isa = PBXFileReference; lastKnownFileType = sourcecode.swift; path = constants.swift; sourceTree = "<group>"; };
		E83B047A226A8A9200674F19 /* DatePickerViewController.swift */ = {isa = PBXFileReference; lastKnownFileType = sourcecode.swift; path = DatePickerViewController.swift; sourceTree = "<group>"; };
		E83B047B226A8A9200674F19 /* PickerViewController.swift */ = {isa = PBXFileReference; lastKnownFileType = sourcecode.swift; path = PickerViewController.swift; sourceTree = "<group>"; };
		E83B047C226A8A9200674F19 /* TableManger.swift */ = {isa = PBXFileReference; lastKnownFileType = sourcecode.swift; path = TableManger.swift; sourceTree = "<group>"; };
		E83B04AE226A8C9400674F19 /* SideMenuTableViewController.swift */ = {isa = PBXFileReference; lastKnownFileType = sourcecode.swift; path = SideMenuTableViewController.swift; sourceTree = "<group>"; };
		E83B04B4226AB80900674F19 /* LocationSelectViewController.swift */ = {isa = PBXFileReference; lastKnownFileType = sourcecode.swift; path = LocationSelectViewController.swift; sourceTree = "<group>"; };
		E83B04B7226AB86700674F19 /* MapSearchVC.swift */ = {isa = PBXFileReference; fileEncoding = 4; lastKnownFileType = sourcecode.swift; path = MapSearchVC.swift; sourceTree = "<group>"; };
		E83B04B8226AB86800674F19 /* HomeViewController.swift */ = {isa = PBXFileReference; fileEncoding = 4; lastKnownFileType = sourcecode.swift; path = HomeViewController.swift; sourceTree = "<group>"; };
		E83B04B9226AB86800674F19 /* HomeView.swift */ = {isa = PBXFileReference; fileEncoding = 4; lastKnownFileType = sourcecode.swift; path = HomeView.swift; sourceTree = "<group>"; };
		E83B04BA226AB86900674F19 /* MapDataSource.swift */ = {isa = PBXFileReference; fileEncoding = 4; lastKnownFileType = sourcecode.swift; path = MapDataSource.swift; sourceTree = "<group>"; };
		E86150E822740A55001524F5 /* Reg.swift */ = {isa = PBXFileReference; lastKnownFileType = sourcecode.swift; path = Reg.swift; sourceTree = "<group>"; };
		E86150EA2274AA6E001524F5 /* UserData.swift */ = {isa = PBXFileReference; lastKnownFileType = sourcecode.swift; path = UserData.swift; sourceTree = "<group>"; };
		E866F2E72272956C0052538D /* Constants.swift */ = {isa = PBXFileReference; lastKnownFileType = sourcecode.swift; path = Constants.swift; sourceTree = "<group>"; };
		E866F2EA227296900052538D /* ChatHomeViewController.swift */ = {isa = PBXFileReference; lastKnownFileType = sourcecode.swift; path = ChatHomeViewController.swift; sourceTree = "<group>"; };
		E866F2ED22729AEA0052538D /* ChatViewController+tableView.swift */ = {isa = PBXFileReference; fileEncoding = 4; lastKnownFileType = sourcecode.swift; path = "ChatViewController+tableView.swift"; sourceTree = "<group>"; };
		E866F2EE22729AEA0052538D /* ChatView.swift */ = {isa = PBXFileReference; fileEncoding = 4; lastKnownFileType = sourcecode.swift; path = ChatView.swift; sourceTree = "<group>"; };
		E866F2EF22729AEA0052538D /* ChatViewController.swift */ = {isa = PBXFileReference; fileEncoding = 4; lastKnownFileType = sourcecode.swift; path = ChatViewController.swift; sourceTree = "<group>"; };
		E866F2F422729E5F0052538D /* NotificationsViewController.swift */ = {isa = PBXFileReference; lastKnownFileType = sourcecode.swift; path = NotificationsViewController.swift; sourceTree = "<group>"; };
		E8681BEC226B453A00E93C31 /* UserRegisterViewController.swift */ = {isa = PBXFileReference; lastKnownFileType = sourcecode.swift; path = UserRegisterViewController.swift; sourceTree = "<group>"; };
		E8681BED226B453B00E93C31 /* UserRegisterView.swift */ = {isa = PBXFileReference; lastKnownFileType = sourcecode.swift; path = UserRegisterView.swift; sourceTree = "<group>"; };
		E8681BF0226B4A4500E93C31 /* ForgetPassword.swift */ = {isa = PBXFileReference; lastKnownFileType = sourcecode.swift; path = ForgetPassword.swift; sourceTree = "<group>"; };
		E8681BF1226B4A4500E93C31 /* ForgetPasswordController.swift */ = {isa = PBXFileReference; lastKnownFileType = sourcecode.swift; path = ForgetPasswordController.swift; sourceTree = "<group>"; };
		E8681BF5226B4E6C00E93C31 /* TabBarController.swift */ = {isa = PBXFileReference; lastKnownFileType = sourcecode.swift; path = TabBarController.swift; sourceTree = "<group>"; };
		E8681BF8226B4EA900E93C31 /* HomeNewReqViewController.swift */ = {isa = PBXFileReference; lastKnownFileType = sourcecode.swift; path = HomeNewReqViewController.swift; sourceTree = "<group>"; };
		E8C63DE4226BA63800E460EE /* NewRequestDetailsView.swift */ = {isa = PBXFileReference; lastKnownFileType = sourcecode.swift; path = NewRequestDetailsView.swift; sourceTree = "<group>"; };
		E8C711AE2271F088008A783B /* GalaryViewController.swift */ = {isa = PBXFileReference; lastKnownFileType = sourcecode.swift; path = GalaryViewController.swift; sourceTree = "<group>"; };
		E8C711B1227204A4008A783B /* TimeTableViewController.swift */ = {isa = PBXFileReference; lastKnownFileType = sourcecode.swift; path = TimeTableViewController.swift; sourceTree = "<group>"; };
		E8DE7D6F226F93DE00016D9E /* ConfigurableCell.swift */ = {isa = PBXFileReference; lastKnownFileType = sourcecode.swift; path = ConfigurableCell.swift; sourceTree = "<group>"; };
		E8DE7D70226F93DE00016D9E /* ReusableCell.swift */ = {isa = PBXFileReference; lastKnownFileType = sourcecode.swift; path = ReusableCell.swift; sourceTree = "<group>"; };
		E8DE7D73226F93DE00016D9E /* ArrayDataProvider.swift */ = {isa = PBXFileReference; lastKnownFileType = sourcecode.swift; path = ArrayDataProvider.swift; sourceTree = "<group>"; };
		E8DE7D74226F93DE00016D9E /* CollectionArrayDataSource.swift */ = {isa = PBXFileReference; lastKnownFileType = sourcecode.swift; path = CollectionArrayDataSource.swift; sourceTree = "<group>"; };
		E8DE7D75226F93DE00016D9E /* CollectionDataProvider.swift */ = {isa = PBXFileReference; lastKnownFileType = sourcecode.swift; path = CollectionDataProvider.swift; sourceTree = "<group>"; };
		E8DE7D76226F93DE00016D9E /* CollectionDataSource.swift */ = {isa = PBXFileReference; lastKnownFileType = sourcecode.swift; path = CollectionDataSource.swift; sourceTree = "<group>"; };
		E8DE7D77226F93DE00016D9E /* GenericDataSource.h */ = {isa = PBXFileReference; lastKnownFileType = sourcecode.c.h; path = GenericDataSource.h; sourceTree = "<group>"; };
		E8F3E754226D0FAC000A9D16 /* ProfileViewController.swift */ = {isa = PBXFileReference; lastKnownFileType = sourcecode.swift; path = ProfileViewController.swift; sourceTree = "<group>"; };
		FD36F78FB1ED6C0E90EFD135 /* Pods_Home_bride.framework */ = {isa = PBXFileReference; explicitFileType = wrapper.framework; includeInIndex = 0; path = Pods_Home_bride.framework; sourceTree = BUILT_PRODUCTS_DIR; };
/* End PBXFileReference section */

/* Begin PBXFrameworksBuildPhase section */
		E83B041E226A86A500674F19 /* Frameworks */ = {
			isa = PBXFrameworksBuildPhase;
			buildActionMask = 2147483647;
			files = (
				DF4A5DC4F8B517DB7B4973D6 /* Pods_Home_bride.framework in Frameworks */,
			);
			runOnlyForDeploymentPostprocessing = 0;
		};
/* End PBXFrameworksBuildPhase section */

/* Begin PBXGroup section */
		25902ED598E7675477BF5BAE /* Pods */ = {
			isa = PBXGroup;
			children = (
				C27EF2132CEAD86FE9A90500 /* Pods-Home bride.debug.xcconfig */,
				5A12B1EEAFE71EECEFECA677 /* Pods-Home bride.release.xcconfig */,
			);
			name = Pods;
			sourceTree = "<group>";
		};
		B5C506E41B014370079AF54E /* Frameworks */ = {
			isa = PBXGroup;
			children = (
				FD36F78FB1ED6C0E90EFD135 /* Pods_Home_bride.framework */,
			);
			name = Frameworks;
			sourceTree = "<group>";
		};
		E816C45F2273316D00EA3C32 /* Networking */ = {
			isa = PBXGroup;
			children = (
				E816C4602273318700EA3C32 /* Network.swift */,
				E86150EA2274AA6E001524F5 /* UserData.swift */,
			);
			path = Networking;
			sourceTree = "<group>";
		};
		E83B0418226A86A500674F19 = {
			isa = PBXGroup;
			children = (
				E83B0423226A86A500674F19 /* Home bride */,
				E83B0422226A86A500674F19 /* Products */,
				25902ED598E7675477BF5BAE /* Pods */,
				B5C506E41B014370079AF54E /* Frameworks */,
			);
			sourceTree = "<group>";
		};
		E83B0422226A86A500674F19 /* Products */ = {
			isa = PBXGroup;
			children = (
				E83B0421226A86A500674F19 /* Home bride.app */,
			);
			name = Products;
			sourceTree = "<group>";
		};
		E83B0423226A86A500674F19 /* Home bride */ = {
			isa = PBXGroup;
			children = (
				E86150E722740A43001524F5 /* Model */,
				E816C45F2273316D00EA3C32 /* Networking */,
				E8DE7D6B226F93BE00016D9E /* Resources */,
				E83B0439226A8A7400674F19 /* Scenes */,
				E83B0472226A8A9200674F19 /* CustomView */,
				E83B044E226A8A9200674F19 /* Extensions */,
				E83B0447226A8A9200674F19 /* Fonts */,
				E83B0477226A8A9200674F19 /* Helper */,
				E83B042B226A86A700674F19 /* Assets.xcassets */,
				E83B042D226A86A700674F19 /* LaunchScreen.storyboard */,
				E83B0430226A86A700674F19 /* Info.plist */,
				E83B0424226A86A500674F19 /* AppDelegate.swift */,
				E866F2E72272956C0052538D /* Constants.swift */,
			);
			path = "Home bride";
			sourceTree = "<group>";
		};
		E83B0439226A8A7400674F19 /* Scenes */ = {
			isa = PBXGroup;
			children = (
				E83B04B4226AB80900674F19 /* LocationSelectViewController.swift */,
				E8681BF4226B4E4000E93C31 /* Hame Tabs */,
				E83B043A226A8A7D00674F19 /* Auth */,
			);
			path = Scenes;
			sourceTree = "<group>";
		};
		E83B043A226A8A7D00674F19 /* Auth */ = {
			isa = PBXGroup;
			children = (
				E83B04B6226AB84E00674F19 /* Map */,
				E83B043B226A8A7D00674F19 /* Login */,
				E83B043E226A8A7D00674F19 /* Forget Psssword */,
				E83B0441226A8A7D00674F19 /* InfoRegister */,
				E83B0444226A8A7D00674F19 /* Virfy */,
			);
			path = Auth;
			sourceTree = "<group>";
		};
		E83B043B226A8A7D00674F19 /* Login */ = {
			isa = PBXGroup;
			children = (
				E83B043C226A8A7D00674F19 /* LoginView.swift */,
				E83B043D226A8A7D00674F19 /* LoginViewController.swift */,
			);
			path = Login;
			sourceTree = "<group>";
		};
		E83B043E226A8A7D00674F19 /* Forget Psssword */ = {
			isa = PBXGroup;
			children = (
				E8681BF0226B4A4500E93C31 /* ForgetPassword.swift */,
				E8681BF1226B4A4500E93C31 /* ForgetPasswordController.swift */,
			);
			path = "Forget Psssword";
			sourceTree = "<group>";
		};
		E83B0441226A8A7D00674F19 /* InfoRegister */ = {
			isa = PBXGroup;
			children = (
				E8681BEB226B452D00E93C31 /* User Register */,
				E83B0442226A8A7D00674F19 /* RegisterView.swift */,
				E83B0443226A8A7D00674F19 /* RegisterViewController.swift */,
			);
			path = InfoRegister;
			sourceTree = "<group>";
		};
		E83B0444226A8A7D00674F19 /* Virfy */ = {
			isa = PBXGroup;
			children = (
				E83B0445226A8A7D00674F19 /* VerifyView.swift */,
				E83B0446226A8A7D00674F19 /* VerifyViewController.swift */,
			);
			path = Virfy;
			sourceTree = "<group>";
		};
		E83B0447226A8A9200674F19 /* Fonts */ = {
			isa = PBXGroup;
			children = (
				E83B0448226A8A9200674F19 /* Cairo-Black.ttf */,
				E83B0449226A8A9200674F19 /* Cairo-Bold.ttf */,
				E83B044A226A8A9200674F19 /* Cairo-ExtraLight.ttf */,
				E83B044B226A8A9200674F19 /* Cairo-Light.ttf */,
				E83B044C226A8A9200674F19 /* Cairo-Regular.ttf */,
				E83B044D226A8A9200674F19 /* Cairo-SemiBold.ttf */,
			);
			path = Fonts;
			sourceTree = "<group>";
		};
		E83B044E226A8A9200674F19 /* Extensions */ = {
			isa = PBXGroup;
			children = (
				E83B0464226A8A9200674F19 /* UIKit */,
				E83B044F226A8A9200674F19 /* DecodingJsonFromBundle.swift */,
				E83B0451226A8A9200674F19 /* extension Bool.swift */,
				E83B0452226A8A9200674F19 /* extension CALayer.swift */,
				E83B0453226A8A9200674F19 /* extension Data.swift */,
				E83B0454226A8A9200674F19 /* extension Date.swift */,
				E83B0455226A8A9200674F19 /* extension Int.swift */,
				E83B0456226A8A9200674F19 /* extension Optional.swift */,
				E83B0457226A8A9200674F19 /* extension Sequence */,
				E83B045C226A8A9200674F19 /* extension String.swift */,
				E83B045D226A8A9200674F19 /* extension+TableView+CollectionView.swift */,
				E83B045E226A8A9200674F19 /* extension+UIColor+UIFonts.swift */,
				E83B045F226A8A9200674F19 /* extension+UILabel.swift */,
				E83B0460226A8A9200674F19 /* Gradiant */,
				E83B0463226A8A9200674F19 /* NotificationCenter.swift */,
				E83B0471226A8A9200674F19 /* ViewController+.swift */,
			);
			path = Extensions;
			sourceTree = "<group>";
		};
		E83B0457226A8A9200674F19 /* extension Sequence */ = {
			isa = PBXGroup;
			children = (
				E83B0458226A8A9200674F19 /* extension Array.swift */,
				E83B0459226A8A9200674F19 /* extension Collection.swift */,
				E83B045A226A8A9200674F19 /* extension Dictionary.swift */,
				E83B045B226A8A9200674F19 /* extension Sequence.swift */,
			);
			path = "extension Sequence";
			sourceTree = "<group>";
		};
		E83B0460226A8A9200674F19 /* Gradiant */ = {
			isa = PBXGroup;
			children = (
				E83B0461226A8A9200674F19 /* extension+Gradient.swift */,
				E83B0462226A8A9200674F19 /* GradientView.swift */,
			);
			path = Gradiant;
			sourceTree = "<group>";
		};
		E83B0464226A8A9200674F19 /* UIKit */ = {
			isa = PBXGroup;
			children = (
				E83B0465226A8A9200674F19 /* extension Constraint.swift */,
				E83B0466226A8A9200674F19 /* extension UIAlertController.swift */,
				E83B0467226A8A9200674F19 /* extension UIButton.swift */,
				E83B0468226A8A9200674F19 /* extension UICollectionView.swift */,
				E83B0469226A8A9200674F19 /* extension UIFont.swift */,
				E83B046A226A8A9200674F19 /* extension UIImage.swift */,
				E83B046B226A8A9200674F19 /* extension UINavigationBar.swift */,
				E83B046C226A8A9200674F19 /* extension UINavigationController.swift */,
				E83B046D226A8A9200674F19 /* extension UITextField.swift */,
				E83B046E226A8A9200674F19 /* extension UIView.swift */,
				E83B046F226A8A9200674F19 /* extension UIViewController.swift */,
				E83B0470226A8A9200674F19 /* extension+UIImageView.swift */,
			);
			path = UIKit;
			sourceTree = "<group>";
		};
		E83B0472226A8A9200674F19 /* CustomView */ = {
			isa = PBXGroup;
			children = (
				E83B0473226A8A9200674F19 /* Basement.swift */,
				E83B0474226A8A9200674F19 /* CurvedView.swift */,
				E83B0475226A8A9200674F19 /* NewRequestViews.swift */,
				E83B0476226A8A9200674F19 /* TwoLablesOneLine.swift */,
			);
			path = CustomView;
			sourceTree = "<group>";
		};
		E83B0477226A8A9200674F19 /* Helper */ = {
			isa = PBXGroup;
			children = (
				E83B0478226A8A9200674F19 /* AppLanguage.swift */,
				E83B0479226A8A9200674F19 /* constants.swift */,
				E83B047A226A8A9200674F19 /* DatePickerViewController.swift */,
				E83B047B226A8A9200674F19 /* PickerViewController.swift */,
				E83B047C226A8A9200674F19 /* TableManger.swift */,
				E80871DF2275D38100FB6BFB /* PhotosManger.swift */,
			);
			path = Helper;
			sourceTree = "<group>";
		};
		E83B04B6226AB84E00674F19 /* Map */ = {
			isa = PBXGroup;
			children = (
				E83B04B9226AB86800674F19 /* HomeView.swift */,
				E83B04B8226AB86800674F19 /* HomeViewController.swift */,
				E83B04B7226AB86700674F19 /* MapSearchVC.swift */,
				E83B04BA226AB86900674F19 /* MapDataSource.swift */,
			);
			path = Map;
			sourceTree = "<group>";
		};
		E86150E722740A43001524F5 /* Model */ = {
			isa = PBXGroup;
			children = (
				E86150E822740A55001524F5 /* Reg.swift */,
			);
			path = Model;
			sourceTree = "<group>";
		};
		E866F2E9227296870052538D /* Chat */ = {
			isa = PBXGroup;
			children = (
				E866F2EB227296A10052538D /* Chat */,
				E866F2EA227296900052538D /* ChatHomeViewController.swift */,
			);
			path = Chat;
			sourceTree = "<group>";
		};
		E866F2EB227296A10052538D /* Chat */ = {
			isa = PBXGroup;
			children = (
				E866F2EE22729AEA0052538D /* ChatView.swift */,
				E866F2EF22729AEA0052538D /* ChatViewController.swift */,
				E866F2ED22729AEA0052538D /* ChatViewController+tableView.swift */,
			);
			path = Chat;
			sourceTree = "<group>";
		};
		E866F2F322729E480052538D /* Notification */ = {
			isa = PBXGroup;
			children = (
				E866F2F422729E5F0052538D /* NotificationsViewController.swift */,
			);
			path = Notification;
			sourceTree = "<group>";
		};
		E8681BEB226B452D00E93C31 /* User Register */ = {
			isa = PBXGroup;
			children = (
				E8681BED226B453B00E93C31 /* UserRegisterView.swift */,
				E8681BEC226B453A00E93C31 /* UserRegisterViewController.swift */,
			);
			path = "User Register";
			sourceTree = "<group>";
		};
		E8681BF4226B4E4000E93C31 /* Hame Tabs */ = {
			isa = PBXGroup;
			children = (
				E83B04AE226A8C9400674F19 /* SideMenuTableViewController.swift */,
				E8681BF5226B4E6C00E93C31 /* TabBarController.swift */,
				E866F2F322729E480052538D /* Notification */,
				E866F2E9227296870052538D /* Chat */,
				E8C711B02272049B008A783B /* Time Table */,
				E8C711AD2271F063008A783B /* Galary */,
				E8F3E753226D0F9C000A9D16 /* Profile */,
				E8681BF7226B4E8A00E93C31 /* Home */,
			);
			path = "Hame Tabs";
			sourceTree = "<group>";
		};
		E8681BF7226B4E8A00E93C31 /* Home */ = {
			isa = PBXGroup;
			children = (
				E8C63DE6226BCEB800E460EE /* New Request Details */,
				E8681BF8226B4EA900E93C31 /* HomeNewReqViewController.swift */,
			);
			path = Home;
			sourceTree = "<group>";
		};
		E8C63DE6226BCEB800E460EE /* New Request Details */ = {
			isa = PBXGroup;
			children = (
				E8C63DE4226BA63800E460EE /* NewRequestDetailsView.swift */,
			);
			path = "New Request Details";
			sourceTree = "<group>";
		};
		E8C711AD2271F063008A783B /* Galary */ = {
			isa = PBXGroup;
			children = (
				E80871D92275BE9E00FB6BFB /* GalaryView.swift */,
				E8C711AE2271F088008A783B /* GalaryViewController.swift */,
				E80871DB2275BED500FB6BFB /* GalaryModels.swift */,
				E80871E12275DCAA00FB6BFB /* Video Player.swift */,
			);
			path = Galary;
			sourceTree = "<group>";
		};
		E8C711B02272049B008A783B /* Time Table */ = {
			isa = PBXGroup;
			children = (
				E8C711B1227204A4008A783B /* TimeTableViewController.swift */,
			);
			path = "Time Table";
			sourceTree = "<group>";
		};
		E8DE7D6B226F93BE00016D9E /* Resources */ = {
			isa = PBXGroup;
			children = (
				E8DE7D6C226F93DE00016D9E /* GenericDataSource */,
			);
			path = Resources;
			sourceTree = "<group>";
		};
		E8DE7D6C226F93DE00016D9E /* GenericDataSource */ = {
			isa = PBXGroup;
			children = (
				E8DE7D6D226F93DE00016D9E /* Classes */,
				E8DE7D77226F93DE00016D9E /* GenericDataSource.h */,
			);
			path = GenericDataSource;
			sourceTree = "<group>";
		};
		E8DE7D6D226F93DE00016D9E /* Classes */ = {
			isa = PBXGroup;
			children = (
				E8DE7D6E226F93DE00016D9E /* CellAbstractions */,
				E8DE7D71226F93DE00016D9E /* DataSources */,
			);
			path = Classes;
			sourceTree = "<group>";
		};
		E8DE7D6E226F93DE00016D9E /* CellAbstractions */ = {
			isa = PBXGroup;
			children = (
				E8DE7D6F226F93DE00016D9E /* ConfigurableCell.swift */,
				E8DE7D70226F93DE00016D9E /* ReusableCell.swift */,
			);
			path = CellAbstractions;
			sourceTree = "<group>";
		};
		E8DE7D71226F93DE00016D9E /* DataSources */ = {
			isa = PBXGroup;
			children = (
				E8DE7D72226F93DE00016D9E /* Collection */,
			);
			path = DataSources;
			sourceTree = "<group>";
		};
		E8DE7D72226F93DE00016D9E /* Collection */ = {
			isa = PBXGroup;
			children = (
				E8DE7D73226F93DE00016D9E /* ArrayDataProvider.swift */,
				E8DE7D74226F93DE00016D9E /* CollectionArrayDataSource.swift */,
				E8DE7D75226F93DE00016D9E /* CollectionDataProvider.swift */,
				E8DE7D76226F93DE00016D9E /* CollectionDataSource.swift */,
			);
			path = Collection;
			sourceTree = "<group>";
		};
		E8F3E753226D0F9C000A9D16 /* Profile */ = {
			isa = PBXGroup;
			children = (
				E8F3E754226D0FAC000A9D16 /* ProfileViewController.swift */,
			);
			path = Profile;
			sourceTree = "<group>";
		};
/* End PBXGroup section */

/* Begin PBXNativeTarget section */
		E83B0420226A86A500674F19 /* Home bride */ = {
			isa = PBXNativeTarget;
			buildConfigurationList = E83B0433226A86A700674F19 /* Build configuration list for PBXNativeTarget "Home bride" */;
			buildPhases = (
				1B5BAB80AD75CB22A131A4CF /* [CP] Check Pods Manifest.lock */,
				E83B041D226A86A500674F19 /* Sources */,
				E83B041E226A86A500674F19 /* Frameworks */,
				E83B041F226A86A500674F19 /* Resources */,
				0BF3A839E2039CEBDFA4523C /* [CP] Embed Pods Frameworks */,
			);
			buildRules = (
			);
			dependencies = (
			);
			name = "Home bride";
			productName = "Home bride";
			productReference = E83B0421226A86A500674F19 /* Home bride.app */;
			productType = "com.apple.product-type.application";
		};
/* End PBXNativeTarget section */

/* Begin PBXProject section */
		E83B0419226A86A500674F19 /* Project object */ = {
			isa = PBXProject;
			attributes = {
				LastSwiftUpdateCheck = 1010;
				LastUpgradeCheck = 1010;
				ORGANIZATIONNAME = Youssef;
				TargetAttributes = {
					E83B0420226A86A500674F19 = {
						CreatedOnToolsVersion = 10.1;
					};
				};
			};
			buildConfigurationList = E83B041C226A86A500674F19 /* Build configuration list for PBXProject "Home bride" */;
			compatibilityVersion = "Xcode 9.3";
			developmentRegion = en;
			hasScannedForEncodings = 0;
			knownRegions = (
				en,
				Base,
			);
			mainGroup = E83B0418226A86A500674F19;
			productRefGroup = E83B0422226A86A500674F19 /* Products */;
			projectDirPath = "";
			projectRoot = "";
			targets = (
				E83B0420226A86A500674F19 /* Home bride */,
			);
		};
/* End PBXProject section */

/* Begin PBXResourcesBuildPhase section */
		E83B041F226A86A500674F19 /* Resources */ = {
			isa = PBXResourcesBuildPhase;
			buildActionMask = 2147483647;
			files = (
				E83B042F226A86A700674F19 /* LaunchScreen.storyboard in Resources */,
				E83B04A3226A8AF600674F19 /* Cairo-ExtraLight.ttf in Resources */,
				E83B04A6226A8AF600674F19 /* Cairo-SemiBold.ttf in Resources */,
				E83B04A5226A8AF600674F19 /* Cairo-Regular.ttf in Resources */,
				E83B04A2226A8AF600674F19 /* Cairo-Bold.ttf in Resources */,
				E83B042C226A86A700674F19 /* Assets.xcassets in Resources */,
				E83B04A1226A8AF600674F19 /* Cairo-Black.ttf in Resources */,
				E83B04A4226A8AF600674F19 /* Cairo-Light.ttf in Resources */,
			);
			runOnlyForDeploymentPostprocessing = 0;
		};
/* End PBXResourcesBuildPhase section */

/* Begin PBXShellScriptBuildPhase section */
		0BF3A839E2039CEBDFA4523C /* [CP] Embed Pods Frameworks */ = {
			isa = PBXShellScriptBuildPhase;
			buildActionMask = 2147483647;
			files = (
			);
			inputPaths = (
				"${SRCROOT}/Pods/Target Support Files/Pods-Home bride/Pods-Home bride-frameworks.sh",
				"${BUILT_PRODUCTS_DIR}/Alamofire/Alamofire.framework",
				"${BUILT_PRODUCTS_DIR}/DropDown/DropDown.framework",
				"${BUILT_PRODUCTS_DIR}/IQKeyboardManagerSwift/IQKeyboardManagerSwift.framework",
				"${BUILT_PRODUCTS_DIR}/NicooPlayer/NicooPlayer.framework",
				"${BUILT_PRODUCTS_DIR}/ROThumbnailGenerator/ROThumbnailGenerator.framework",
				"${BUILT_PRODUCTS_DIR}/SDWebImage/SDWebImage.framework",
				"${BUILT_PRODUCTS_DIR}/Sapporo/Sapporo.framework",
				"${BUILT_PRODUCTS_DIR}/SideMenu/SideMenu.framework",
				"${BUILT_PRODUCTS_DIR}/SnapKit/SnapKit.framework",
				"${BUILT_PRODUCTS_DIR}/SwiftyJSON/SwiftyJSON.framework",
			);
			name = "[CP] Embed Pods Frameworks";
			outputPaths = (
				"${TARGET_BUILD_DIR}/${FRAMEWORKS_FOLDER_PATH}/Alamofire.framework",
				"${TARGET_BUILD_DIR}/${FRAMEWORKS_FOLDER_PATH}/DropDown.framework",
				"${TARGET_BUILD_DIR}/${FRAMEWORKS_FOLDER_PATH}/IQKeyboardManagerSwift.framework",
				"${TARGET_BUILD_DIR}/${FRAMEWORKS_FOLDER_PATH}/NicooPlayer.framework",
				"${TARGET_BUILD_DIR}/${FRAMEWORKS_FOLDER_PATH}/ROThumbnailGenerator.framework",
				"${TARGET_BUILD_DIR}/${FRAMEWORKS_FOLDER_PATH}/SDWebImage.framework",
				"${TARGET_BUILD_DIR}/${FRAMEWORKS_FOLDER_PATH}/Sapporo.framework",
				"${TARGET_BUILD_DIR}/${FRAMEWORKS_FOLDER_PATH}/SideMenu.framework",
				"${TARGET_BUILD_DIR}/${FRAMEWORKS_FOLDER_PATH}/SnapKit.framework",
				"${TARGET_BUILD_DIR}/${FRAMEWORKS_FOLDER_PATH}/SwiftyJSON.framework",
			);
			runOnlyForDeploymentPostprocessing = 0;
			shellPath = /bin/sh;
			shellScript = "\"${SRCROOT}/Pods/Target Support Files/Pods-Home bride/Pods-Home bride-frameworks.sh\"\n";
			showEnvVarsInLog = 0;
		};
		1B5BAB80AD75CB22A131A4CF /* [CP] Check Pods Manifest.lock */ = {
			isa = PBXShellScriptBuildPhase;
			buildActionMask = 2147483647;
			files = (
			);
			inputPaths = (
				"${PODS_PODFILE_DIR_PATH}/Podfile.lock",
				"${PODS_ROOT}/Manifest.lock",
			);
			name = "[CP] Check Pods Manifest.lock";
			outputPaths = (
				"$(DERIVED_FILE_DIR)/Pods-Home bride-checkManifestLockResult.txt",
			);
			runOnlyForDeploymentPostprocessing = 0;
			shellPath = /bin/sh;
			shellScript = "diff \"${PODS_PODFILE_DIR_PATH}/Podfile.lock\" \"${PODS_ROOT}/Manifest.lock\" > /dev/null\nif [ $? != 0 ] ; then\n    # print error to STDERR\n    echo \"error: The sandbox is not in sync with the Podfile.lock. Run 'pod install' or update your CocoaPods installation.\" >&2\n    exit 1\nfi\n# This output is used by Xcode 'outputs' to avoid re-running this script phase.\necho \"SUCCESS\" > \"${SCRIPT_OUTPUT_FILE_0}\"\n";
			showEnvVarsInLog = 0;
		};
/* End PBXShellScriptBuildPhase section */

/* Begin PBXSourcesBuildPhase section */
		E83B041D226A86A500674F19 /* Sources */ = {
			isa = PBXSourcesBuildPhase;
			buildActionMask = 2147483647;
			files = (
				E83B048A226A8AA700674F19 /* extension+TableView+CollectionView.swift in Sources */,
				E83B0488226A8AA700674F19 /* extension Optional.swift in Sources */,
				E8DE7D78226F942D00016D9E /* ConfigurableCell.swift in Sources */,
				E86150EB2274AA6E001524F5 /* UserData.swift in Sources */,
				E83B0483226A8AA700674F19 /* extension Bool.swift in Sources */,
				E8DE7D7B226F943A00016D9E /* CollectionArrayDataSource.swift in Sources */,
				E83B04BE226AB86900674F19 /* MapDataSource.swift in Sources */,
				E83B0486226A8AA700674F19 /* extension Date.swift in Sources */,
				E83B049F226A8AE800674F19 /* extension+Gradient.swift in Sources */,
				E8C711B2227204F9008A783B /* TimeTableViewController.swift in Sources */,
				E80871DA2275BE9E00FB6BFB /* GalaryView.swift in Sources */,
				E866F2E82272956C0052538D /* Constants.swift in Sources */,
				E83B04BB226AB86900674F19 /* MapSearchVC.swift in Sources */,
				E83B0493226A8AAF00674F19 /* extension UIFont.swift in Sources */,
				E83B048D226A8AA700674F19 /* NotificationCenter.swift in Sources */,
				E8DE7D7A226F943A00016D9E /* ArrayDataProvider.swift in Sources */,
				E86150E922740A55001524F5 /* Reg.swift in Sources */,
				E80871E22275DCAA00FB6BFB /* Video Player.swift in Sources */,
				E83B04AC226A8B0200674F19 /* LoginView.swift in Sources */,
				E83B0484226A8AA700674F19 /* extension CALayer.swift in Sources */,
				E83B047F226A8A9700674F19 /* NewRequestViews.swift in Sources */,
				E80871E02275D38100FB6BFB /* PhotosManger.swift in Sources */,
				E8681BEE226B45A200E93C31 /* UserRegisterViewController.swift in Sources */,
				E8681BF6226B4E7400E93C31 /* TabBarController.swift in Sources */,
				E866F2EC227296EF0052538D /* ChatHomeViewController.swift in Sources */,
				E80871DC2275BED500FB6BFB /* GalaryModels.swift in Sources */,
				E83B04BC226AB86900674F19 /* HomeViewController.swift in Sources */,
				E83B048B226A8AA700674F19 /* extension+UIColor+UIFonts.swift in Sources */,
				E866F2F022729AEA0052538D /* ChatViewController+tableView.swift in Sources */,
				E83B048C226A8AA700674F19 /* extension+UILabel.swift in Sources */,
				E83B0492226A8AAF00674F19 /* extension UICollectionView.swift in Sources */,
				E83B049B226A8AE400674F19 /* extension Array.swift in Sources */,
				E8DE7D79226F942D00016D9E /* ReusableCell.swift in Sources */,
				E83B0485226A8AA700674F19 /* extension Data.swift in Sources */,
				E83B04A0226A8AE800674F19 /* GradientView.swift in Sources */,
				E8F3E755226D0FAC000A9D16 /* ProfileViewController.swift in Sources */,
				E83B0490226A8AAF00674F19 /* extension UIAlertController.swift in Sources */,
				E83B0425226A86A500674F19 /* AppDelegate.swift in Sources */,
				E866F2F222729AEA0052538D /* ChatViewController.swift in Sources */,
				E866F2F122729AEA0052538D /* ChatView.swift in Sources */,
				E83B047D226A8A9700674F19 /* Basement.swift in Sources */,
				E8681BEF226B45AB00E93C31 /* UserRegisterView.swift in Sources */,
				E83B0495226A8AAF00674F19 /* extension UINavigationBar.swift in Sources */,
				E8681BF2226B4A7E00E93C31 /* ForgetPasswordController.swift in Sources */,
				E83B0489226A8AA700674F19 /* extension String.swift in Sources */,
				E83B048E226A8AA700674F19 /* ViewController+.swift in Sources */,
				E83B04AF226A8C9400674F19 /* SideMenuTableViewController.swift in Sources */,
				E83B04B5226AB80900674F19 /* LocationSelectViewController.swift in Sources */,
				E83B0491226A8AAF00674F19 /* extension UIButton.swift in Sources */,
				E83B0498226A8AAF00674F19 /* extension UIView.swift in Sources */,
				E83B0494226A8AAF00674F19 /* extension UIImage.swift in Sources */,
				E83B04BD226AB86900674F19 /* HomeView.swift in Sources */,
				E83B049D226A8AE400674F19 /* extension Dictionary.swift in Sources */,
				E83B0481226A8AA700674F19 /* DecodingJsonFromBundle.swift in Sources */,
				E8C63DE5226BA63800E460EE /* NewRequestDetailsView.swift in Sources */,
				E83B0487226A8AA700674F19 /* extension Int.swift in Sources */,
				E8DE7D7D226F943A00016D9E /* CollectionDataSource.swift in Sources */,
				E83B049C226A8AE400674F19 /* extension Collection.swift in Sources */,
				E83B049A226A8AAF00674F19 /* extension+UIImageView.swift in Sources */,
				E83B04AD226A8B0200674F19 /* LoginViewController.swift in Sources */,
				E83B0496226A8AAF00674F19 /* extension UINavigationController.swift in Sources */,
				E83B04B0226A952D00674F19 /* RegisterView.swift in Sources */,
				E83B04A8226A8AFB00674F19 /* constants.swift in Sources */,
				E83B0480226A8A9700674F19 /* TwoLablesOneLine.swift in Sources */,
				E83B04B1226A952D00674F19 /* RegisterViewController.swift in Sources */,
				E83B049E226A8AE400674F19 /* extension Sequence.swift in Sources */,
				E83B048F226A8AAF00674F19 /* extension Constraint.swift in Sources */,
				E83B04A9226A8AFB00674F19 /* DatePickerViewController.swift in Sources */,
				E8DE7D7C226F943A00016D9E /* CollectionDataProvider.swift in Sources */,
				E866F2F522729EB70052538D /* NotificationsViewController.swift in Sources */,
				E8681BF3226B4A8000E93C31 /* ForgetPassword.swift in Sources */,
				E83B04A7226A8AFB00674F19 /* AppLanguage.swift in Sources */,
				E8681BF9226B4EA900E93C31 /* HomeNewReqViewController.swift in Sources */,
				E83B04AB226A8AFB00674F19 /* TableManger.swift in Sources */,
				E83B047E226A8A9700674F19 /* CurvedView.swift in Sources */,
				E816C4612273318700EA3C32 /* Network.swift in Sources */,
				E8C711AF2271F0C1008A783B /* GalaryViewController.swift in Sources */,
				E83B04AA226A8AFB00674F19 /* PickerViewController.swift in Sources */,
				E83B0497226A8AAF00674F19 /* extension UITextField.swift in Sources */,
			);
			runOnlyForDeploymentPostprocessing = 0;
		};
/* End PBXSourcesBuildPhase section */

/* Begin PBXVariantGroup section */
		E83B042D226A86A700674F19 /* LaunchScreen.storyboard */ = {
			isa = PBXVariantGroup;
			children = (
				E83B042E226A86A700674F19 /* Base */,
			);
			name = LaunchScreen.storyboard;
			sourceTree = "<group>";
		};
/* End PBXVariantGroup section */

/* Begin XCBuildConfiguration section */
		E83B0431226A86A700674F19 /* Debug */ = {
			isa = XCBuildConfiguration;
			buildSettings = {
				ALWAYS_SEARCH_USER_PATHS = NO;
				CLANG_ANALYZER_NONNULL = YES;
				CLANG_ANALYZER_NUMBER_OBJECT_CONVERSION = YES_AGGRESSIVE;
				CLANG_CXX_LANGUAGE_STANDARD = "gnu++14";
				CLANG_CXX_LIBRARY = "libc++";
				CLANG_ENABLE_MODULES = YES;
				CLANG_ENABLE_OBJC_ARC = YES;
				CLANG_ENABLE_OBJC_WEAK = YES;
				CLANG_WARN_BLOCK_CAPTURE_AUTORELEASING = YES;
				CLANG_WARN_BOOL_CONVERSION = YES;
				CLANG_WARN_COMMA = YES;
				CLANG_WARN_CONSTANT_CONVERSION = YES;
				CLANG_WARN_DEPRECATED_OBJC_IMPLEMENTATIONS = YES;
				CLANG_WARN_DIRECT_OBJC_ISA_USAGE = YES_ERROR;
				CLANG_WARN_DOCUMENTATION_COMMENTS = YES;
				CLANG_WARN_EMPTY_BODY = YES;
				CLANG_WARN_ENUM_CONVERSION = YES;
				CLANG_WARN_INFINITE_RECURSION = YES;
				CLANG_WARN_INT_CONVERSION = YES;
				CLANG_WARN_NON_LITERAL_NULL_CONVERSION = YES;
				CLANG_WARN_OBJC_IMPLICIT_RETAIN_SELF = YES;
				CLANG_WARN_OBJC_LITERAL_CONVERSION = YES;
				CLANG_WARN_OBJC_ROOT_CLASS = YES_ERROR;
				CLANG_WARN_RANGE_LOOP_ANALYSIS = YES;
				CLANG_WARN_STRICT_PROTOTYPES = YES;
				CLANG_WARN_SUSPICIOUS_MOVE = YES;
				CLANG_WARN_UNGUARDED_AVAILABILITY = YES_AGGRESSIVE;
				CLANG_WARN_UNREACHABLE_CODE = YES;
				CLANG_WARN__DUPLICATE_METHOD_MATCH = YES;
				CODE_SIGN_IDENTITY = "iPhone Developer";
				COPY_PHASE_STRIP = NO;
				DEBUG_INFORMATION_FORMAT = dwarf;
				ENABLE_STRICT_OBJC_MSGSEND = YES;
				ENABLE_TESTABILITY = YES;
				GCC_C_LANGUAGE_STANDARD = gnu11;
				GCC_DYNAMIC_NO_PIC = NO;
				GCC_NO_COMMON_BLOCKS = YES;
				GCC_OPTIMIZATION_LEVEL = 0;
				GCC_PREPROCESSOR_DEFINITIONS = (
					"DEBUG=1",
					"$(inherited)",
				);
				GCC_WARN_64_TO_32_BIT_CONVERSION = YES;
				GCC_WARN_ABOUT_RETURN_TYPE = YES_ERROR;
				GCC_WARN_UNDECLARED_SELECTOR = YES;
				GCC_WARN_UNINITIALIZED_AUTOS = YES_AGGRESSIVE;
				GCC_WARN_UNUSED_FUNCTION = YES;
				GCC_WARN_UNUSED_VARIABLE = YES;
				IPHONEOS_DEPLOYMENT_TARGET = 12.1;
				MTL_ENABLE_DEBUG_INFO = INCLUDE_SOURCE;
				MTL_FAST_MATH = YES;
				ONLY_ACTIVE_ARCH = YES;
				SDKROOT = iphoneos;
				SWIFT_ACTIVE_COMPILATION_CONDITIONS = DEBUG;
				SWIFT_OPTIMIZATION_LEVEL = "-Onone";
			};
			name = Debug;
		};
		E83B0432226A86A700674F19 /* Release */ = {
			isa = XCBuildConfiguration;
			buildSettings = {
				ALWAYS_SEARCH_USER_PATHS = NO;
				CLANG_ANALYZER_NONNULL = YES;
				CLANG_ANALYZER_NUMBER_OBJECT_CONVERSION = YES_AGGRESSIVE;
				CLANG_CXX_LANGUAGE_STANDARD = "gnu++14";
				CLANG_CXX_LIBRARY = "libc++";
				CLANG_ENABLE_MODULES = YES;
				CLANG_ENABLE_OBJC_ARC = YES;
				CLANG_ENABLE_OBJC_WEAK = YES;
				CLANG_WARN_BLOCK_CAPTURE_AUTORELEASING = YES;
				CLANG_WARN_BOOL_CONVERSION = YES;
				CLANG_WARN_COMMA = YES;
				CLANG_WARN_CONSTANT_CONVERSION = YES;
				CLANG_WARN_DEPRECATED_OBJC_IMPLEMENTATIONS = YES;
				CLANG_WARN_DIRECT_OBJC_ISA_USAGE = YES_ERROR;
				CLANG_WARN_DOCUMENTATION_COMMENTS = YES;
				CLANG_WARN_EMPTY_BODY = YES;
				CLANG_WARN_ENUM_CONVERSION = YES;
				CLANG_WARN_INFINITE_RECURSION = YES;
				CLANG_WARN_INT_CONVERSION = YES;
				CLANG_WARN_NON_LITERAL_NULL_CONVERSION = YES;
				CLANG_WARN_OBJC_IMPLICIT_RETAIN_SELF = YES;
				CLANG_WARN_OBJC_LITERAL_CONVERSION = YES;
				CLANG_WARN_OBJC_ROOT_CLASS = YES_ERROR;
				CLANG_WARN_RANGE_LOOP_ANALYSIS = YES;
				CLANG_WARN_STRICT_PROTOTYPES = YES;
				CLANG_WARN_SUSPICIOUS_MOVE = YES;
				CLANG_WARN_UNGUARDED_AVAILABILITY = YES_AGGRESSIVE;
				CLANG_WARN_UNREACHABLE_CODE = YES;
				CLANG_WARN__DUPLICATE_METHOD_MATCH = YES;
				CODE_SIGN_IDENTITY = "iPhone Developer";
				COPY_PHASE_STRIP = NO;
				DEBUG_INFORMATION_FORMAT = "dwarf-with-dsym";
				ENABLE_NS_ASSERTIONS = NO;
				ENABLE_STRICT_OBJC_MSGSEND = YES;
				GCC_C_LANGUAGE_STANDARD = gnu11;
				GCC_NO_COMMON_BLOCKS = YES;
				GCC_WARN_64_TO_32_BIT_CONVERSION = YES;
				GCC_WARN_ABOUT_RETURN_TYPE = YES_ERROR;
				GCC_WARN_UNDECLARED_SELECTOR = YES;
				GCC_WARN_UNINITIALIZED_AUTOS = YES_AGGRESSIVE;
				GCC_WARN_UNUSED_FUNCTION = YES;
				GCC_WARN_UNUSED_VARIABLE = YES;
				IPHONEOS_DEPLOYMENT_TARGET = 12.1;
				MTL_ENABLE_DEBUG_INFO = NO;
				MTL_FAST_MATH = YES;
				SDKROOT = iphoneos;
				SWIFT_COMPILATION_MODE = wholemodule;
				SWIFT_OPTIMIZATION_LEVEL = "-O";
				VALIDATE_PRODUCT = YES;
			};
			name = Release;
		};
		E83B0434226A86A700674F19 /* Debug */ = {
			isa = XCBuildConfiguration;
			baseConfigurationReference = C27EF2132CEAD86FE9A90500 /* Pods-Home bride.debug.xcconfig */;
			buildSettings = {
				ASSETCATALOG_COMPILER_APPICON_NAME = AppIcon;
				CODE_SIGN_STYLE = Automatic;
				INFOPLIST_FILE = "Home bride/Info.plist";
				LD_RUNPATH_SEARCH_PATHS = (
					"$(inherited)",
					"@executable_path/Frameworks",
				);
				PRODUCT_BUNDLE_IDENTIFIER = "com..PanoramaAlqassim.Home-bride";
				PRODUCT_NAME = "$(TARGET_NAME)";
				SWIFT_VERSION = 4.2;
				TARGETED_DEVICE_FAMILY = "1,2";
			};
			name = Debug;
		};
		E83B0435226A86A700674F19 /* Release */ = {
			isa = XCBuildConfiguration;
			baseConfigurationReference = 5A12B1EEAFE71EECEFECA677 /* Pods-Home bride.release.xcconfig */;
			buildSettings = {
				ASSETCATALOG_COMPILER_APPICON_NAME = AppIcon;
				CODE_SIGN_STYLE = Automatic;
				INFOPLIST_FILE = "Home bride/Info.plist";
				LD_RUNPATH_SEARCH_PATHS = (
					"$(inherited)",
					"@executable_path/Frameworks",
				);
				PRODUCT_BUNDLE_IDENTIFIER = "com..PanoramaAlqassim.Home-bride";
				PRODUCT_NAME = "$(TARGET_NAME)";
				SWIFT_VERSION = 4.2;
				TARGETED_DEVICE_FAMILY = "1,2";
			};
			name = Release;
		};
/* End XCBuildConfiguration section */

/* Begin XCConfigurationList section */
		E83B041C226A86A500674F19 /* Build configuration list for PBXProject "Home bride" */ = {
			isa = XCConfigurationList;
			buildConfigurations = (
				E83B0431226A86A700674F19 /* Debug */,
				E83B0432226A86A700674F19 /* Release */,
			);
			defaultConfigurationIsVisible = 0;
			defaultConfigurationName = Release;
		};
		E83B0433226A86A700674F19 /* Build configuration list for PBXNativeTarget "Home bride" */ = {
			isa = XCConfigurationList;
			buildConfigurations = (
				E83B0434226A86A700674F19 /* Debug */,
				E83B0435226A86A700674F19 /* Release */,
			);
			defaultConfigurationIsVisible = 0;
			defaultConfigurationName = Release;
		};
/* End XCConfigurationList section */
	};
	rootObject = E83B0419226A86A500674F19 /* Project object */;
}
